// !$*UTF8*$!
{
	archiveVersion = 1;
	classes = {
	};
	objectVersion = 50;
	objects = {

/* Begin PBXBuildFile section */
		5C0B1A9123E3D7840053AC14 /* FeedResponse.swift in Sources */ = {isa = PBXBuildFile; fileRef = 5C0B1A9023E3D7840053AC14 /* FeedResponse.swift */; };
		5C0B1A9323E3DA380053AC14 /* NetworkDataFetcher.swift in Sources */ = {isa = PBXBuildFile; fileRef = 5C0B1A9223E3DA380053AC14 /* NetworkDataFetcher.swift */; };
		5C0B1A9C23E3E51C0053AC14 /* NewsFeedPresenter.swift in Sources */ = {isa = PBXBuildFile; fileRef = 5C0B1A9523E3E51C0053AC14 /* NewsFeedPresenter.swift */; };
		5C0B1A9D23E3E51C0053AC14 /* NewsFeedWorker.swift in Sources */ = {isa = PBXBuildFile; fileRef = 5C0B1A9623E3E51C0053AC14 /* NewsFeedWorker.swift */; };
		5C0B1A9E23E3E51C0053AC14 /* NewsFeedRouter.swift in Sources */ = {isa = PBXBuildFile; fileRef = 5C0B1A9723E3E51C0053AC14 /* NewsFeedRouter.swift */; };
		5C0B1A9F23E3E51C0053AC14 /* NewsFeedModels.swift in Sources */ = {isa = PBXBuildFile; fileRef = 5C0B1A9823E3E51C0053AC14 /* NewsFeedModels.swift */; };
		5C0B1AA023E3E51C0053AC14 /* NewsFeedViewController.swift in Sources */ = {isa = PBXBuildFile; fileRef = 5C0B1A9923E3E51C0053AC14 /* NewsFeedViewController.swift */; };
		5C0B1AA123E3E51C0053AC14 /* NewsFeedInteractor.swift in Sources */ = {isa = PBXBuildFile; fileRef = 5C0B1A9A23E3E51C0053AC14 /* NewsFeedInteractor.swift */; };
		5C0B1AA223E3E51C0053AC14 /* NewsFeedViewController.xib in Resources */ = {isa = PBXBuildFile; fileRef = 5C0B1A9B23E3E51C0053AC14 /* NewsFeedViewController.xib */; };
		5C67DE6423E2081900380E24 /* NetworkService.swift in Sources */ = {isa = PBXBuildFile; fileRef = 5C67DE6323E2081900380E24 /* NetworkService.swift */; };
		5C67DE6623E2088C00380E24 /* API.swift in Sources */ = {isa = PBXBuildFile; fileRef = 5C67DE6523E2088C00380E24 /* API.swift */; };
		5C9EED1223DDA048006438DA /* AppDelegate.swift in Sources */ = {isa = PBXBuildFile; fileRef = 5C9EED1123DDA048006438DA /* AppDelegate.swift */; };
		5C9EED1B23DDA04C006438DA /* Assets.xcassets in Resources */ = {isa = PBXBuildFile; fileRef = 5C9EED1A23DDA04C006438DA /* Assets.xcassets */; };
		5C9EED1E23DDA04C006438DA /* LaunchScreen.storyboard in Resources */ = {isa = PBXBuildFile; fileRef = 5C9EED1C23DDA04C006438DA /* LaunchScreen.storyboard */; };
		5C9EED2D23DDAD0C006438DA /* VKSdkFramework.framework in Frameworks */ = {isa = PBXBuildFile; fileRef = 5C9EED2C23DDAD0C006438DA /* VKSdkFramework.framework */; };
		5C9EED3323DDB6FE006438DA /* AuthService.swift in Sources */ = {isa = PBXBuildFile; fileRef = 5C9EED3223DDB6FE006438DA /* AuthService.swift */; };
		5C9EED3723DDBAD7006438DA /* AuthViewController.swift in Sources */ = {isa = PBXBuildFile; fileRef = 5C9EED3623DDBAD7006438DA /* AuthViewController.swift */; };
		5C9EED3A23DDC0CE006438DA /* Colors.swift in Sources */ = {isa = PBXBuildFile; fileRef = 5C9EED3923DDC0CE006438DA /* Colors.swift */; };
		5CDB8DE423DDD49A000CD4DC /* FeedViewController.swift in Sources */ = {isa = PBXBuildFile; fileRef = 5CDB8DE323DDD49A000CD4DC /* FeedViewController.swift */; };
/* End PBXBuildFile section */

/* Begin PBXFileReference section */
		5C0B1A9023E3D7840053AC14 /* FeedResponse.swift */ = {isa = PBXFileReference; lastKnownFileType = sourcecode.swift; path = FeedResponse.swift; sourceTree = "<group>"; };
		5C0B1A9223E3DA380053AC14 /* NetworkDataFetcher.swift */ = {isa = PBXFileReference; lastKnownFileType = sourcecode.swift; path = NetworkDataFetcher.swift; sourceTree = "<group>"; };
		5C0B1A9523E3E51C0053AC14 /* NewsFeedPresenter.swift */ = {isa = PBXFileReference; lastKnownFileType = sourcecode.swift; path = NewsFeedPresenter.swift; sourceTree = "<group>"; };
		5C0B1A9623E3E51C0053AC14 /* NewsFeedWorker.swift */ = {isa = PBXFileReference; lastKnownFileType = sourcecode.swift; path = NewsFeedWorker.swift; sourceTree = "<group>"; };
		5C0B1A9723E3E51C0053AC14 /* NewsFeedRouter.swift */ = {isa = PBXFileReference; lastKnownFileType = sourcecode.swift; path = NewsFeedRouter.swift; sourceTree = "<group>"; };
		5C0B1A9823E3E51C0053AC14 /* NewsFeedModels.swift */ = {isa = PBXFileReference; lastKnownFileType = sourcecode.swift; path = NewsFeedModels.swift; sourceTree = "<group>"; };
		5C0B1A9923E3E51C0053AC14 /* NewsFeedViewController.swift */ = {isa = PBXFileReference; lastKnownFileType = sourcecode.swift; path = NewsFeedViewController.swift; sourceTree = "<group>"; };
		5C0B1A9A23E3E51C0053AC14 /* NewsFeedInteractor.swift */ = {isa = PBXFileReference; lastKnownFileType = sourcecode.swift; path = NewsFeedInteractor.swift; sourceTree = "<group>"; };
		5C0B1A9B23E3E51C0053AC14 /* NewsFeedViewController.xib */ = {isa = PBXFileReference; lastKnownFileType = file.xib; path = NewsFeedViewController.xib; sourceTree = "<group>"; };
		5C67DE6323E2081900380E24 /* NetworkService.swift */ = {isa = PBXFileReference; lastKnownFileType = sourcecode.swift; path = NetworkService.swift; sourceTree = "<group>"; };
		5C67DE6523E2088C00380E24 /* API.swift */ = {isa = PBXFileReference; lastKnownFileType = sourcecode.swift; path = API.swift; sourceTree = "<group>"; };
		5C9EED0E23DDA048006438DA /* VK News Feed.app */ = {isa = PBXFileReference; explicitFileType = wrapper.application; includeInIndex = 0; path = "VK News Feed.app"; sourceTree = BUILT_PRODUCTS_DIR; };
		5C9EED1123DDA048006438DA /* AppDelegate.swift */ = {isa = PBXFileReference; lastKnownFileType = sourcecode.swift; path = AppDelegate.swift; sourceTree = "<group>"; };
		5C9EED1A23DDA04C006438DA /* Assets.xcassets */ = {isa = PBXFileReference; lastKnownFileType = folder.assetcatalog; path = Assets.xcassets; sourceTree = "<group>"; };
		5C9EED1D23DDA04C006438DA /* Base */ = {isa = PBXFileReference; lastKnownFileType = file.storyboard; name = Base; path = Base.lproj/LaunchScreen.storyboard; sourceTree = "<group>"; };
		5C9EED1F23DDA04C006438DA /* Info.plist */ = {isa = PBXFileReference; lastKnownFileType = text.plist.xml; path = Info.plist; sourceTree = "<group>"; };
		5C9EED2C23DDAD0C006438DA /* VKSdkFramework.framework */ = {isa = PBXFileReference; lastKnownFileType = wrapper.framework; name = VKSdkFramework.framework; path = Carthage/Build/iOS/VKSdkFramework.framework; sourceTree = "<group>"; };
		5C9EED3223DDB6FE006438DA /* AuthService.swift */ = {isa = PBXFileReference; lastKnownFileType = sourcecode.swift; path = AuthService.swift; sourceTree = "<group>"; };
		5C9EED3623DDBAD7006438DA /* AuthViewController.swift */ = {isa = PBXFileReference; lastKnownFileType = sourcecode.swift; path = AuthViewController.swift; sourceTree = "<group>"; };
		5C9EED3923DDC0CE006438DA /* Colors.swift */ = {isa = PBXFileReference; lastKnownFileType = sourcecode.swift; path = Colors.swift; sourceTree = "<group>"; };
		5CDB8DE323DDD49A000CD4DC /* FeedViewController.swift */ = {isa = PBXFileReference; lastKnownFileType = sourcecode.swift; path = FeedViewController.swift; sourceTree = "<group>"; };
/* End PBXFileReference section */

/* Begin PBXFrameworksBuildPhase section */
		5C9EED0B23DDA048006438DA /* Frameworks */ = {
			isa = PBXFrameworksBuildPhase;
			buildActionMask = 2147483647;
			files = (
				5C9EED2D23DDAD0C006438DA /* VKSdkFramework.framework in Frameworks */,
			);
			runOnlyForDeploymentPostprocessing = 0;
		};
/* End PBXFrameworksBuildPhase section */

/* Begin PBXGroup section */
		5C0B1A8F23E3D7690053AC14 /* Models */ = {
			isa = PBXGroup;
			children = (
				5C0B1A9023E3D7840053AC14 /* FeedResponse.swift */,
			);
			path = Models;
			sourceTree = "<group>";
		};
		5C0B1A9423E3E4A40053AC14 /* NewsFeed */ = {
			isa = PBXGroup;
			children = (
				5C0B1A9923E3E51C0053AC14 /* NewsFeedViewController.swift */,
				5C0B1A9A23E3E51C0053AC14 /* NewsFeedInteractor.swift */,
				5C0B1A9523E3E51C0053AC14 /* NewsFeedPresenter.swift */,
				5C0B1A9823E3E51C0053AC14 /* NewsFeedModels.swift */,
				5C0B1A9623E3E51C0053AC14 /* NewsFeedWorker.swift */,
				5C0B1A9723E3E51C0053AC14 /* NewsFeedRouter.swift */,
				5C0B1A9B23E3E51C0053AC14 /* NewsFeedViewController.xib */,
			);
			path = NewsFeed;
			sourceTree = "<group>";
		};
		5C9EED0523DDA048006438DA = {
			isa = PBXGroup;
			children = (
				5C9EED1023DDA048006438DA /* VK News Feed */,
				5C9EED0F23DDA048006438DA /* Products */,
				5C9EED2523DDA79A006438DA /* Frameworks */,
			);
			sourceTree = "<group>";
		};
		5C9EED0F23DDA048006438DA /* Products */ = {
			isa = PBXGroup;
			children = (
				5C9EED0E23DDA048006438DA /* VK News Feed.app */,
			);
			name = Products;
			sourceTree = "<group>";
		};
		5C9EED1023DDA048006438DA /* VK News Feed */ = {
			isa = PBXGroup;
			children = (
				5C9EED3123DDB1B6006438DA /* Application */,
				5C9EED3423DDB70F006438DA /* Services */,
				5C9EED3523DDBA53006438DA /* Auth */,
				5C0B1A9423E3E4A40053AC14 /* NewsFeed */,
				5CDB8DE523DDD79D000CD4DC /* FeedViewController */,
				5C9EED2E23DDB036006438DA /* Supporting files */,
				5C9EED3823DDC0C0006438DA /* Enums */,
			);
			path = "VK News Feed";
			sourceTree = "<group>";
		};
		5C9EED2523DDA79A006438DA /* Frameworks */ = {
			isa = PBXGroup;
			children = (
				5C9EED2C23DDAD0C006438DA /* VKSdkFramework.framework */,
			);
			name = Frameworks;
			sourceTree = "<group>";
		};
		5C9EED2E23DDB036006438DA /* Supporting files */ = {
			isa = PBXGroup;
			children = (
				5C9EED1A23DDA04C006438DA /* Assets.xcassets */,
				5C9EED1C23DDA04C006438DA /* LaunchScreen.storyboard */,
				5C9EED1F23DDA04C006438DA /* Info.plist */,
			);
			path = "Supporting files";
			sourceTree = "<group>";
		};
		5C9EED3123DDB1B6006438DA /* Application */ = {
			isa = PBXGroup;
			children = (
				5C9EED1123DDA048006438DA /* AppDelegate.swift */,
			);
			path = Application;
			sourceTree = "<group>";
		};
		5C9EED3423DDB70F006438DA /* Services */ = {
			isa = PBXGroup;
			children = (
				5C0B1A8F23E3D7690053AC14 /* Models */,
				5C9EED3223DDB6FE006438DA /* AuthService.swift */,
				5C67DE6323E2081900380E24 /* NetworkService.swift */,
				5C0B1A9223E3DA380053AC14 /* NetworkDataFetcher.swift */,
				5C67DE6523E2088C00380E24 /* API.swift */,
			);
			path = Services;
			sourceTree = "<group>";
		};
		5C9EED3523DDBA53006438DA /* Auth */ = {
			isa = PBXGroup;
			children = (
				5C9EED3623DDBAD7006438DA /* AuthViewController.swift */,
			);
			path = Auth;
			sourceTree = "<group>";
		};
		5C9EED3823DDC0C0006438DA /* Enums */ = {
			isa = PBXGroup;
			children = (
				5C9EED3923DDC0CE006438DA /* Colors.swift */,
			);
			path = Enums;
			sourceTree = "<group>";
		};
		5CDB8DE523DDD79D000CD4DC /* FeedViewController */ = {
			isa = PBXGroup;
			children = (
				5CDB8DE323DDD49A000CD4DC /* FeedViewController.swift */,
			);
			path = FeedViewController;
			sourceTree = "<group>";
		};
/* End PBXGroup section */

/* Begin PBXNativeTarget section */
		5C9EED0D23DDA048006438DA /* VK News Feed */ = {
			isa = PBXNativeTarget;
			buildConfigurationList = 5C9EED2223DDA04C006438DA /* Build configuration list for PBXNativeTarget "VK News Feed" */;
			buildPhases = (
				5C9EED0A23DDA048006438DA /* Sources */,
				5C9EED0B23DDA048006438DA /* Frameworks */,
				5C9EED0C23DDA048006438DA /* Resources */,
				5C9EED2723DDA7F9006438DA /* VKSdkFramework */,
			);
			buildRules = (
			);
			dependencies = (
			);
			name = "VK News Feed";
			productName = "VK News Feed";
			productReference = 5C9EED0E23DDA048006438DA /* VK News Feed.app */;
			productType = "com.apple.product-type.application";
		};
/* End PBXNativeTarget section */

/* Begin PBXProject section */
		5C9EED0623DDA048006438DA /* Project object */ = {
			isa = PBXProject;
			attributes = {
				LastSwiftUpdateCheck = 1130;
				LastUpgradeCheck = 1130;
				ORGANIZATIONNAME = "Kirill Fedorov";
				TargetAttributes = {
					5C9EED0D23DDA048006438DA = {
						CreatedOnToolsVersion = 11.3.1;
					};
				};
			};
			buildConfigurationList = 5C9EED0923DDA048006438DA /* Build configuration list for PBXProject "VK News Feed" */;
			compatibilityVersion = "Xcode 9.3";
			developmentRegion = en;
			hasScannedForEncodings = 0;
			knownRegions = (
				en,
				Base,
			);
			mainGroup = 5C9EED0523DDA048006438DA;
			productRefGroup = 5C9EED0F23DDA048006438DA /* Products */;
			projectDirPath = "";
			projectRoot = "";
			targets = (
				5C9EED0D23DDA048006438DA /* VK News Feed */,
			);
		};
/* End PBXProject section */

/* Begin PBXResourcesBuildPhase section */
		5C9EED0C23DDA048006438DA /* Resources */ = {
			isa = PBXResourcesBuildPhase;
			buildActionMask = 2147483647;
			files = (
				5C9EED1E23DDA04C006438DA /* LaunchScreen.storyboard in Resources */,
				5C0B1AA223E3E51C0053AC14 /* NewsFeedViewController.xib in Resources */,
				5C9EED1B23DDA04C006438DA /* Assets.xcassets in Resources */,
			);
			runOnlyForDeploymentPostprocessing = 0;
		};
/* End PBXResourcesBuildPhase section */

/* Begin PBXShellScriptBuildPhase section */
		5C9EED2723DDA7F9006438DA /* VKSdkFramework */ = {
			isa = PBXShellScriptBuildPhase;
			buildActionMask = 2147483647;
			files = (
			);
			inputFileListPaths = (
			);
			inputPaths = (
				"$(SRCROOT)/Carthage/Build/iOS/VKSdkFramework.framework",
			);
			name = VKSdkFramework;
			outputFileListPaths = (
			);
			outputPaths = (
			);
			runOnlyForDeploymentPostprocessing = 0;
			shellPath = /bin/sh;
			shellScript = "# Type a script or drag a script file from your workspace to insert its path.\n/usr/local/bin/carthage copy-frameworks\n";
		};
/* End PBXShellScriptBuildPhase section */

/* Begin PBXSourcesBuildPhase section */
		5C9EED0A23DDA048006438DA /* Sources */ = {
			isa = PBXSourcesBuildPhase;
			buildActionMask = 2147483647;
			files = (
				5C0B1A9123E3D7840053AC14 /* FeedResponse.swift in Sources */,
				5C0B1A9C23E3E51C0053AC14 /* NewsFeedPresenter.swift in Sources */,
				5C9EED3323DDB6FE006438DA /* AuthService.swift in Sources */,
				5C9EED3A23DDC0CE006438DA /* Colors.swift in Sources */,
				5C0B1AA123E3E51C0053AC14 /* NewsFeedInteractor.swift in Sources */,
				5CDB8DE423DDD49A000CD4DC /* FeedViewController.swift in Sources */,
				5C9EED3723DDBAD7006438DA /* AuthViewController.swift in Sources */,
				5C67DE6423E2081900380E24 /* NetworkService.swift in Sources */,
				5C0B1A9323E3DA380053AC14 /* NetworkDataFetcher.swift in Sources */,
				5C0B1A9D23E3E51C0053AC14 /* NewsFeedWorker.swift in Sources */,
				5C0B1A9E23E3E51C0053AC14 /* NewsFeedRouter.swift in Sources */,
				5C9EED1223DDA048006438DA /* AppDelegate.swift in Sources */,
				5C67DE6623E2088C00380E24 /* API.swift in Sources */,
				5C0B1A9F23E3E51C0053AC14 /* NewsFeedModels.swift in Sources */,
				5C0B1AA023E3E51C0053AC14 /* NewsFeedViewController.swift in Sources */,
			);
			runOnlyForDeploymentPostprocessing = 0;
		};
/* End PBXSourcesBuildPhase section */

/* Begin PBXVariantGroup section */
		5C9EED1C23DDA04C006438DA /* LaunchScreen.storyboard */ = {
			isa = PBXVariantGroup;
			children = (
				5C9EED1D23DDA04C006438DA /* Base */,
			);
			name = LaunchScreen.storyboard;
			sourceTree = "<group>";
		};
/* End PBXVariantGroup section */

/* Begin XCBuildConfiguration section */
		5C9EED2023DDA04C006438DA /* Debug */ = {
			isa = XCBuildConfiguration;
			buildSettings = {
				ALWAYS_SEARCH_USER_PATHS = NO;
				CLANG_ANALYZER_NONNULL = YES;
				CLANG_ANALYZER_NUMBER_OBJECT_CONVERSION = YES_AGGRESSIVE;
				CLANG_CXX_LANGUAGE_STANDARD = "gnu++14";
				CLANG_CXX_LIBRARY = "libc++";
				CLANG_ENABLE_MODULES = YES;
				CLANG_ENABLE_OBJC_ARC = YES;
				CLANG_ENABLE_OBJC_WEAK = YES;
				CLANG_WARN_BLOCK_CAPTURE_AUTORELEASING = YES;
				CLANG_WARN_BOOL_CONVERSION = YES;
				CLANG_WARN_COMMA = YES;
				CLANG_WARN_CONSTANT_CONVERSION = YES;
				CLANG_WARN_DEPRECATED_OBJC_IMPLEMENTATIONS = YES;
				CLANG_WARN_DIRECT_OBJC_ISA_USAGE = YES_ERROR;
				CLANG_WARN_DOCUMENTATION_COMMENTS = YES;
				CLANG_WARN_EMPTY_BODY = YES;
				CLANG_WARN_ENUM_CONVERSION = YES;
				CLANG_WARN_INFINITE_RECURSION = YES;
				CLANG_WARN_INT_CONVERSION = YES;
				CLANG_WARN_NON_LITERAL_NULL_CONVERSION = YES;
				CLANG_WARN_OBJC_IMPLICIT_RETAIN_SELF = YES;
				CLANG_WARN_OBJC_LITERAL_CONVERSION = YES;
				CLANG_WARN_OBJC_ROOT_CLASS = YES_ERROR;
				CLANG_WARN_RANGE_LOOP_ANALYSIS = YES;
				CLANG_WARN_STRICT_PROTOTYPES = YES;
				CLANG_WARN_SUSPICIOUS_MOVE = YES;
				CLANG_WARN_UNGUARDED_AVAILABILITY = YES_AGGRESSIVE;
				CLANG_WARN_UNREACHABLE_CODE = YES;
				CLANG_WARN__DUPLICATE_METHOD_MATCH = YES;
				COPY_PHASE_STRIP = NO;
				DEBUG_INFORMATION_FORMAT = dwarf;
				ENABLE_STRICT_OBJC_MSGSEND = YES;
				ENABLE_TESTABILITY = YES;
				GCC_C_LANGUAGE_STANDARD = gnu11;
				GCC_DYNAMIC_NO_PIC = NO;
				GCC_NO_COMMON_BLOCKS = YES;
				GCC_OPTIMIZATION_LEVEL = 0;
				GCC_PREPROCESSOR_DEFINITIONS = (
					"DEBUG=1",
					"$(inherited)",
				);
				GCC_WARN_64_TO_32_BIT_CONVERSION = YES;
				GCC_WARN_ABOUT_RETURN_TYPE = YES_ERROR;
				GCC_WARN_UNDECLARED_SELECTOR = YES;
				GCC_WARN_UNINITIALIZED_AUTOS = YES_AGGRESSIVE;
				GCC_WARN_UNUSED_FUNCTION = YES;
				GCC_WARN_UNUSED_VARIABLE = YES;
				IPHONEOS_DEPLOYMENT_TARGET = 13.2;
				MTL_ENABLE_DEBUG_INFO = INCLUDE_SOURCE;
				MTL_FAST_MATH = YES;
				ONLY_ACTIVE_ARCH = YES;
				SDKROOT = iphoneos;
				SWIFT_ACTIVE_COMPILATION_CONDITIONS = DEBUG;
				SWIFT_OPTIMIZATION_LEVEL = "-Onone";
			};
			name = Debug;
		};
		5C9EED2123DDA04C006438DA /* Release */ = {
			isa = XCBuildConfiguration;
			buildSettings = {
				ALWAYS_SEARCH_USER_PATHS = NO;
				CLANG_ANALYZER_NONNULL = YES;
				CLANG_ANALYZER_NUMBER_OBJECT_CONVERSION = YES_AGGRESSIVE;
				CLANG_CXX_LANGUAGE_STANDARD = "gnu++14";
				CLANG_CXX_LIBRARY = "libc++";
				CLANG_ENABLE_MODULES = YES;
				CLANG_ENABLE_OBJC_ARC = YES;
				CLANG_ENABLE_OBJC_WEAK = YES;
				CLANG_WARN_BLOCK_CAPTURE_AUTORELEASING = YES;
				CLANG_WARN_BOOL_CONVERSION = YES;
				CLANG_WARN_COMMA = YES;
				CLANG_WARN_CONSTANT_CONVERSION = YES;
				CLANG_WARN_DEPRECATED_OBJC_IMPLEMENTATIONS = YES;
				CLANG_WARN_DIRECT_OBJC_ISA_USAGE = YES_ERROR;
				CLANG_WARN_DOCUMENTATION_COMMENTS = YES;
				CLANG_WARN_EMPTY_BODY = YES;
				CLANG_WARN_ENUM_CONVERSION = YES;
				CLANG_WARN_INFINITE_RECURSION = YES;
				CLANG_WARN_INT_CONVERSION = YES;
				CLANG_WARN_NON_LITERAL_NULL_CONVERSION = YES;
				CLANG_WARN_OBJC_IMPLICIT_RETAIN_SELF = YES;
				CLANG_WARN_OBJC_LITERAL_CONVERSION = YES;
				CLANG_WARN_OBJC_ROOT_CLASS = YES_ERROR;
				CLANG_WARN_RANGE_LOOP_ANALYSIS = YES;
				CLANG_WARN_STRICT_PROTOTYPES = YES;
				CLANG_WARN_SUSPICIOUS_MOVE = YES;
				CLANG_WARN_UNGUARDED_AVAILABILITY = YES_AGGRESSIVE;
				CLANG_WARN_UNREACHABLE_CODE = YES;
				CLANG_WARN__DUPLICATE_METHOD_MATCH = YES;
				COPY_PHASE_STRIP = NO;
				DEBUG_INFORMATION_FORMAT = "dwarf-with-dsym";
				ENABLE_NS_ASSERTIONS = NO;
				ENABLE_STRICT_OBJC_MSGSEND = YES;
				GCC_C_LANGUAGE_STANDARD = gnu11;
				GCC_NO_COMMON_BLOCKS = YES;
				GCC_WARN_64_TO_32_BIT_CONVERSION = YES;
				GCC_WARN_ABOUT_RETURN_TYPE = YES_ERROR;
				GCC_WARN_UNDECLARED_SELECTOR = YES;
				GCC_WARN_UNINITIALIZED_AUTOS = YES_AGGRESSIVE;
				GCC_WARN_UNUSED_FUNCTION = YES;
				GCC_WARN_UNUSED_VARIABLE = YES;
				IPHONEOS_DEPLOYMENT_TARGET = 13.2;
				MTL_ENABLE_DEBUG_INFO = NO;
				MTL_FAST_MATH = YES;
				SDKROOT = iphoneos;
				SWIFT_COMPILATION_MODE = wholemodule;
				SWIFT_OPTIMIZATION_LEVEL = "-O";
				VALIDATE_PRODUCT = YES;
			};
			name = Release;
		};
		5C9EED2323DDA04C006438DA /* Debug */ = {
			isa = XCBuildConfiguration;
			buildSettings = {
				ASSETCATALOG_COMPILER_APPICON_NAME = AppIcon;
				CODE_SIGN_STYLE = Automatic;
				DEVELOPMENT_TEAM = 4K2VL2BQJM;
				FRAMEWORK_SEARCH_PATHS = (
					"$(inherited)",
					"$(PROJECT_DIR)/Carthage/Build/iOS",
				);
				INFOPLIST_FILE = "$(SRCROOT)/VK News Feed/Supporting files/Info.plist";
				IPHONEOS_DEPLOYMENT_TARGET = 13.0;
				LD_RUNPATH_SEARCH_PATHS = (
					"$(inherited)",
					"@executable_path/Frameworks",
				);
				PRODUCT_BUNDLE_IDENTIFIER = "Kirill-Fedorov.VK-News-Feed";
				PRODUCT_NAME = "$(TARGET_NAME)";
				SWIFT_VERSION = 5.0;
				TARGETED_DEVICE_FAMILY = "1,2";
			};
			name = Debug;
		};
		5C9EED2423DDA04C006438DA /* Release */ = {
			isa = XCBuildConfiguration;
			buildSettings = {
				ASSETCATALOG_COMPILER_APPICON_NAME = AppIcon;
				CODE_SIGN_STYLE = Automatic;
				DEVELOPMENT_TEAM = 4K2VL2BQJM;
				FRAMEWORK_SEARCH_PATHS = (
					"$(inherited)",
					"$(PROJECT_DIR)/Carthage/Build/iOS",
				);
				INFOPLIST_FILE = "$(SRCROOT)/VK News Feed/Supporting files/Info.plist";
				IPHONEOS_DEPLOYMENT_TARGET = 13.0;
				LD_RUNPATH_SEARCH_PATHS = (
					"$(inherited)",
					"@executable_path/Frameworks",
				);
				PRODUCT_BUNDLE_IDENTIFIER = "Kirill-Fedorov.VK-News-Feed";
				PRODUCT_NAME = "$(TARGET_NAME)";
				SWIFT_VERSION = 5.0;
				TARGETED_DEVICE_FAMILY = "1,2";
			};
			name = Release;
		};
/* End XCBuildConfiguration section */

/* Begin XCConfigurationList section */
		5C9EED0923DDA048006438DA /* Build configuration list for PBXProject "VK News Feed" */ = {
			isa = XCConfigurationList;
			buildConfigurations = (
				5C9EED2023DDA04C006438DA /* Debug */,
				5C9EED2123DDA04C006438DA /* Release */,
			);
			defaultConfigurationIsVisible = 0;
			defaultConfigurationName = Release;
		};
		5C9EED2223DDA04C006438DA /* Build configuration list for PBXNativeTarget "VK News Feed" */ = {
			isa = XCConfigurationList;
			buildConfigurations = (
				5C9EED2323DDA04C006438DA /* Debug */,
				5C9EED2423DDA04C006438DA /* Release */,
			);
			defaultConfigurationIsVisible = 0;
			defaultConfigurationName = Release;
		};
/* End XCConfigurationList section */
	};
	rootObject = 5C9EED0623DDA048006438DA /* Project object */;
}
